// !$*UTF8*$!
{
	archiveVersion = 1;
	classes = {
	};
	objectVersion = 48;
	objects = {

/* Begin PBXBuildFile section */
		6C021AD42009E72D00722833 /* PassengerAnnotation.swift in Sources */ = {isa = PBXBuildFile; fileRef = 6C021AD32009E72D00722833 /* PassengerAnnotation.swift */; };
		6C1064E62005A0770073C067 /* CustomImageView.swift in Sources */ = {isa = PBXBuildFile; fileRef = 6C1064E52005A0770073C067 /* CustomImageView.swift */; };
		6C1064E82005A6DA0073C067 /* User.swift in Sources */ = {isa = PBXBuildFile; fileRef = 6C1064E72005A6DA0073C067 /* User.swift */; };
		6C1A83682002EE3200E37F0A /* AppDelegate.swift in Sources */ = {isa = PBXBuildFile; fileRef = 6C1A83672002EE3200E37F0A /* AppDelegate.swift */; };
		6C1A836A2002EE3200E37F0A /* ViewController.swift in Sources */ = {isa = PBXBuildFile; fileRef = 6C1A83692002EE3200E37F0A /* ViewController.swift */; };
		6C1A836D2002EE3200E37F0A /* Main.storyboard in Resources */ = {isa = PBXBuildFile; fileRef = 6C1A836B2002EE3200E37F0A /* Main.storyboard */; };
		6C1A836F2002EE3200E37F0A /* Assets.xcassets in Resources */ = {isa = PBXBuildFile; fileRef = 6C1A836E2002EE3200E37F0A /* Assets.xcassets */; };
		6C1A83722002EE3200E37F0A /* LaunchScreen.storyboard in Resources */ = {isa = PBXBuildFile; fileRef = 6C1A83702002EE3200E37F0A /* LaunchScreen.storyboard */; };
		6C1A837A2002EE8700E37F0A /* GoogleService-Info.plist in Resources */ = {isa = PBXBuildFile; fileRef = 6C1A83792002EE8700E37F0A /* GoogleService-Info.plist */; };
		6C1A83882002EFC300E37F0A /* SF-Pro-Display-Bold.otf in Resources */ = {isa = PBXBuildFile; fileRef = 6C1A837D2002EFC200E37F0A /* SF-Pro-Display-Bold.otf */; };
		6C1A83892002EFC300E37F0A /* SF-Pro-Text-Semibold.otf in Resources */ = {isa = PBXBuildFile; fileRef = 6C1A837E2002EFC200E37F0A /* SF-Pro-Text-Semibold.otf */; };
		6C1A838A2002EFC300E37F0A /* SF-Pro-Text-Regular.otf in Resources */ = {isa = PBXBuildFile; fileRef = 6C1A837F2002EFC200E37F0A /* SF-Pro-Text-Regular.otf */; };
		6C1A838B2002EFC300E37F0A /* SF-Pro-Display-Heavy.otf in Resources */ = {isa = PBXBuildFile; fileRef = 6C1A83802002EFC200E37F0A /* SF-Pro-Display-Heavy.otf */; };
		6C1A838C2002EFC300E37F0A /* SF-Pro-Display-Regular.otf in Resources */ = {isa = PBXBuildFile; fileRef = 6C1A83812002EFC200E37F0A /* SF-Pro-Display-Regular.otf */; };
		6C1A838D2002EFC300E37F0A /* SF-Pro-Display-Semibold.otf in Resources */ = {isa = PBXBuildFile; fileRef = 6C1A83822002EFC200E37F0A /* SF-Pro-Display-Semibold.otf */; };
		6C1A838E2002EFC300E37F0A /* SF-Pro-Text-Heavy.otf in Resources */ = {isa = PBXBuildFile; fileRef = 6C1A83832002EFC300E37F0A /* SF-Pro-Text-Heavy.otf */; };
		6C1A838F2002EFC300E37F0A /* SF-Pro-Text-Bold.otf in Resources */ = {isa = PBXBuildFile; fileRef = 6C1A83842002EFC300E37F0A /* SF-Pro-Text-Bold.otf */; };
		6C1A83902002EFC300E37F0A /* SF-Pro-Text-Medium.otf in Resources */ = {isa = PBXBuildFile; fileRef = 6C1A83852002EFC300E37F0A /* SF-Pro-Text-Medium.otf */; };
		6C1A83912002EFC300E37F0A /* SF-Pro-Display-Medium.otf in Resources */ = {isa = PBXBuildFile; fileRef = 6C1A83862002EFC300E37F0A /* SF-Pro-Display-Medium.otf */; };
		6C1A83922002EFC300E37F0A /* SF-Pro-Display-Black.otf in Resources */ = {isa = PBXBuildFile; fileRef = 6C1A83872002EFC300E37F0A /* SF-Pro-Display-Black.otf */; };
		6C1A83942002EFD700E37F0A /* Theme.xcassets in Resources */ = {isa = PBXBuildFile; fileRef = 6C1A83932002EFD700E37F0A /* Theme.xcassets */; };
		6C1A83962002F0CF00E37F0A /* Extensions.swift in Sources */ = {isa = PBXBuildFile; fileRef = 6C1A83952002F0CF00E37F0A /* Extensions.swift */; };
		6C1A839B2002F10000E37F0A /* MenuVC.swift in Sources */ = {isa = PBXBuildFile; fileRef = 6C1A839A2002F10000E37F0A /* MenuVC.swift */; };
		6C1A839D2002F11A00E37F0A /* LoginVC.swift in Sources */ = {isa = PBXBuildFile; fileRef = 6C1A839C2002F11A00E37F0A /* LoginVC.swift */; };
		6C1A839F2002F13A00E37F0A /* SignupVC.swift in Sources */ = {isa = PBXBuildFile; fileRef = 6C1A839E2002F13A00E37F0A /* SignupVC.swift */; };
		6C1A83A12002F17200E37F0A /* GradientView.swift in Sources */ = {isa = PBXBuildFile; fileRef = 6C1A83A02002F17200E37F0A /* GradientView.swift */; };
		6C1A83A52002F23E00E37F0A /* MainVC.swift in Sources */ = {isa = PBXBuildFile; fileRef = 6C1A83A42002F23E00E37F0A /* MainVC.swift */; };
		6C1A83A72002F9CA00E37F0A /* MapKit.framework in Frameworks */ = {isa = PBXBuildFile; fileRef = 6C1A83A62002F9CA00E37F0A /* MapKit.framework */; };
		6C1A83AA2003177800E37F0A /* DataService.swift in Sources */ = {isa = PBXBuildFile; fileRef = 6C1A83A92003177800E37F0A /* DataService.swift */; };
		6C1A83AD200317CC00E37F0A /* Constants.swift in Sources */ = {isa = PBXBuildFile; fileRef = 6C1A83AC200317CC00E37F0A /* Constants.swift */; };
		6C474730201459AD0034B776 /* PickupVC.swift in Sources */ = {isa = PBXBuildFile; fileRef = 6C47472F201459AD0034B776 /* PickupVC.swift */; };
		6C47473220145F520034B776 /* RoundMapView.swift in Sources */ = {isa = PBXBuildFile; fileRef = 6C47473120145F520034B776 /* RoundMapView.swift */; };
		6C5976D120101CA20071CA91 /* Alertable.swift in Sources */ = {isa = PBXBuildFile; fileRef = 6C5976D020101CA20071CA91 /* Alertable.swift */; };
		6CE29BCF2006EFD90058ADFE /* UpdateService.swift in Sources */ = {isa = PBXBuildFile; fileRef = 6CE29BCE2006EFD90058ADFE /* UpdateService.swift */; };
		6CE29BD12007252E0058ADFE /* DriverAnnotation.swift in Sources */ = {isa = PBXBuildFile; fileRef = 6CE29BD02007252E0058ADFE /* DriverAnnotation.swift */; };
		6CF067A52004945700EED833 /* Alert.swift in Sources */ = {isa = PBXBuildFile; fileRef = 6CF067A42004945700EED833 /* Alert.swift */; };
		BF8D72C1524B8677C2E0CB67 /* Pods_UberClone.framework in Frameworks */ = {isa = PBXBuildFile; fileRef = ED9D21CE2D8787DD40968617 /* Pods_UberClone.framework */; };
/* End PBXBuildFile section */

/* Begin PBXFileReference section */
		367D0EDAE0E60EC34828B56D /* Pods-UberClone.debug.xcconfig */ = {isa = PBXFileReference; includeInIndex = 1; lastKnownFileType = text.xcconfig; name = "Pods-UberClone.debug.xcconfig"; path = "Pods/Target Support Files/Pods-UberClone/Pods-UberClone.debug.xcconfig"; sourceTree = "<group>"; };
		6C021AD32009E72D00722833 /* PassengerAnnotation.swift */ = {isa = PBXFileReference; lastKnownFileType = sourcecode.swift; path = PassengerAnnotation.swift; sourceTree = "<group>"; };
		6C1064E52005A0770073C067 /* CustomImageView.swift */ = {isa = PBXFileReference; lastKnownFileType = sourcecode.swift; path = CustomImageView.swift; sourceTree = "<group>"; };
		6C1064E72005A6DA0073C067 /* User.swift */ = {isa = PBXFileReference; lastKnownFileType = sourcecode.swift; path = User.swift; sourceTree = "<group>"; };
		6C1A83642002EE3200E37F0A /* UberClone.app */ = {isa = PBXFileReference; explicitFileType = wrapper.application; includeInIndex = 0; path = UberClone.app; sourceTree = BUILT_PRODUCTS_DIR; };
		6C1A83672002EE3200E37F0A /* AppDelegate.swift */ = {isa = PBXFileReference; lastKnownFileType = sourcecode.swift; path = AppDelegate.swift; sourceTree = "<group>"; };
		6C1A83692002EE3200E37F0A /* ViewController.swift */ = {isa = PBXFileReference; lastKnownFileType = sourcecode.swift; path = ViewController.swift; sourceTree = "<group>"; };
		6C1A836C2002EE3200E37F0A /* Base */ = {isa = PBXFileReference; lastKnownFileType = file.storyboard; name = Base; path = Base.lproj/Main.storyboard; sourceTree = "<group>"; };
		6C1A836E2002EE3200E37F0A /* Assets.xcassets */ = {isa = PBXFileReference; lastKnownFileType = folder.assetcatalog; path = Assets.xcassets; sourceTree = "<group>"; };
		6C1A83712002EE3200E37F0A /* Base */ = {isa = PBXFileReference; lastKnownFileType = file.storyboard; name = Base; path = Base.lproj/LaunchScreen.storyboard; sourceTree = "<group>"; };
		6C1A83732002EE3200E37F0A /* Info.plist */ = {isa = PBXFileReference; lastKnownFileType = text.plist.xml; path = Info.plist; sourceTree = "<group>"; };
		6C1A83792002EE8700E37F0A /* GoogleService-Info.plist */ = {isa = PBXFileReference; fileEncoding = 4; lastKnownFileType = text.plist.xml; path = "GoogleService-Info.plist"; sourceTree = "<group>"; };
		6C1A837D2002EFC200E37F0A /* SF-Pro-Display-Bold.otf */ = {isa = PBXFileReference; lastKnownFileType = file; path = "SF-Pro-Display-Bold.otf"; sourceTree = "<group>"; };
		6C1A837E2002EFC200E37F0A /* SF-Pro-Text-Semibold.otf */ = {isa = PBXFileReference; lastKnownFileType = file; path = "SF-Pro-Text-Semibold.otf"; sourceTree = "<group>"; };
		6C1A837F2002EFC200E37F0A /* SF-Pro-Text-Regular.otf */ = {isa = PBXFileReference; lastKnownFileType = file; path = "SF-Pro-Text-Regular.otf"; sourceTree = "<group>"; };
		6C1A83802002EFC200E37F0A /* SF-Pro-Display-Heavy.otf */ = {isa = PBXFileReference; lastKnownFileType = file; path = "SF-Pro-Display-Heavy.otf"; sourceTree = "<group>"; };
		6C1A83812002EFC200E37F0A /* SF-Pro-Display-Regular.otf */ = {isa = PBXFileReference; lastKnownFileType = file; path = "SF-Pro-Display-Regular.otf"; sourceTree = "<group>"; };
		6C1A83822002EFC200E37F0A /* SF-Pro-Display-Semibold.otf */ = {isa = PBXFileReference; lastKnownFileType = file; path = "SF-Pro-Display-Semibold.otf"; sourceTree = "<group>"; };
		6C1A83832002EFC300E37F0A /* SF-Pro-Text-Heavy.otf */ = {isa = PBXFileReference; lastKnownFileType = file; path = "SF-Pro-Text-Heavy.otf"; sourceTree = "<group>"; };
		6C1A83842002EFC300E37F0A /* SF-Pro-Text-Bold.otf */ = {isa = PBXFileReference; lastKnownFileType = file; path = "SF-Pro-Text-Bold.otf"; sourceTree = "<group>"; };
		6C1A83852002EFC300E37F0A /* SF-Pro-Text-Medium.otf */ = {isa = PBXFileReference; lastKnownFileType = file; path = "SF-Pro-Text-Medium.otf"; sourceTree = "<group>"; };
		6C1A83862002EFC300E37F0A /* SF-Pro-Display-Medium.otf */ = {isa = PBXFileReference; lastKnownFileType = file; path = "SF-Pro-Display-Medium.otf"; sourceTree = "<group>"; };
		6C1A83872002EFC300E37F0A /* SF-Pro-Display-Black.otf */ = {isa = PBXFileReference; lastKnownFileType = file; path = "SF-Pro-Display-Black.otf"; sourceTree = "<group>"; };
		6C1A83932002EFD700E37F0A /* Theme.xcassets */ = {isa = PBXFileReference; lastKnownFileType = folder.assetcatalog; path = Theme.xcassets; sourceTree = "<group>"; };
		6C1A83952002F0CF00E37F0A /* Extensions.swift */ = {isa = PBXFileReference; lastKnownFileType = sourcecode.swift; path = Extensions.swift; sourceTree = "<group>"; };
		6C1A839A2002F10000E37F0A /* MenuVC.swift */ = {isa = PBXFileReference; lastKnownFileType = sourcecode.swift; path = MenuVC.swift; sourceTree = "<group>"; };
		6C1A839C2002F11A00E37F0A /* LoginVC.swift */ = {isa = PBXFileReference; lastKnownFileType = sourcecode.swift; path = LoginVC.swift; sourceTree = "<group>"; };
		6C1A839E2002F13A00E37F0A /* SignupVC.swift */ = {isa = PBXFileReference; lastKnownFileType = sourcecode.swift; path = SignupVC.swift; sourceTree = "<group>"; };
		6C1A83A02002F17200E37F0A /* GradientView.swift */ = {isa = PBXFileReference; lastKnownFileType = sourcecode.swift; path = GradientView.swift; sourceTree = "<group>"; };
		6C1A83A42002F23E00E37F0A /* MainVC.swift */ = {isa = PBXFileReference; lastKnownFileType = sourcecode.swift; path = MainVC.swift; sourceTree = "<group>"; };
		6C1A83A62002F9CA00E37F0A /* MapKit.framework */ = {isa = PBXFileReference; lastKnownFileType = wrapper.framework; name = MapKit.framework; path = System/Library/Frameworks/MapKit.framework; sourceTree = SDKROOT; };
		6C1A83A92003177800E37F0A /* DataService.swift */ = {isa = PBXFileReference; lastKnownFileType = sourcecode.swift; path = DataService.swift; sourceTree = "<group>"; };
		6C1A83AC200317CC00E37F0A /* Constants.swift */ = {isa = PBXFileReference; lastKnownFileType = sourcecode.swift; path = Constants.swift; sourceTree = "<group>"; };
		6C47472F201459AD0034B776 /* PickupVC.swift */ = {isa = PBXFileReference; lastKnownFileType = sourcecode.swift; path = PickupVC.swift; sourceTree = "<group>"; };
		6C47473120145F520034B776 /* RoundMapView.swift */ = {isa = PBXFileReference; lastKnownFileType = sourcecode.swift; path = RoundMapView.swift; sourceTree = "<group>"; };
		6C5976D020101CA20071CA91 /* Alertable.swift */ = {isa = PBXFileReference; lastKnownFileType = sourcecode.swift; path = Alertable.swift; sourceTree = "<group>"; };
		6CE29BCE2006EFD90058ADFE /* UpdateService.swift */ = {isa = PBXFileReference; lastKnownFileType = sourcecode.swift; path = UpdateService.swift; sourceTree = "<group>"; };
		6CE29BD02007252E0058ADFE /* DriverAnnotation.swift */ = {isa = PBXFileReference; lastKnownFileType = sourcecode.swift; path = DriverAnnotation.swift; sourceTree = "<group>"; };
		6CF067A42004945700EED833 /* Alert.swift */ = {isa = PBXFileReference; lastKnownFileType = sourcecode.swift; path = Alert.swift; sourceTree = "<group>"; };
		E241D99D5E71CE890C9C0176 /* Pods-UberClone.release.xcconfig */ = {isa = PBXFileReference; includeInIndex = 1; lastKnownFileType = text.xcconfig; name = "Pods-UberClone.release.xcconfig"; path = "Pods/Target Support Files/Pods-UberClone/Pods-UberClone.release.xcconfig"; sourceTree = "<group>"; };
		ED9D21CE2D8787DD40968617 /* Pods_UberClone.framework */ = {isa = PBXFileReference; explicitFileType = wrapper.framework; includeInIndex = 0; path = Pods_UberClone.framework; sourceTree = BUILT_PRODUCTS_DIR; };
/* End PBXFileReference section */

/* Begin PBXFrameworksBuildPhase section */
		6C1A83612002EE3200E37F0A /* Frameworks */ = {
			isa = PBXFrameworksBuildPhase;
			buildActionMask = 2147483647;
			files = (
				6C1A83A72002F9CA00E37F0A /* MapKit.framework in Frameworks */,
				BF8D72C1524B8677C2E0CB67 /* Pods_UberClone.framework in Frameworks */,
			);
			runOnlyForDeploymentPostprocessing = 0;
		};
/* End PBXFrameworksBuildPhase section */

/* Begin PBXGroup section */
		6C1A835B2002EE3200E37F0A = {
			isa = PBXGroup;
			children = (
				6C1A83662002EE3200E37F0A /* UberClone */,
				6C1A83652002EE3200E37F0A /* Products */,
				BB25AB3053293B84247CFDFA /* Pods */,
				F312432EA2657652F2469799 /* Frameworks */,
			);
			sourceTree = "<group>";
		};
		6C1A83652002EE3200E37F0A /* Products */ = {
			isa = PBXGroup;
			children = (
				6C1A83642002EE3200E37F0A /* UberClone.app */,
			);
			name = Products;
			sourceTree = "<group>";
		};
		6C1A83662002EE3200E37F0A /* UberClone */ = {
			isa = PBXGroup;
			children = (
				6C5976CF20101C8D0071CA91 /* Protocol */,
				6C1A83AB200317BC00E37F0A /* Utilities */,
				6C1A83A82003176400E37F0A /* Service */,
				6C1A83992002F0F200E37F0A /* Model */,
				6C1A83982002F0ED00E37F0A /* View */,
				6C1A83972002F0E800E37F0A /* Controller */,
				6C1A83672002EE3200E37F0A /* AppDelegate.swift */,
				6C1A83692002EE3200E37F0A /* ViewController.swift */,
				6C1A836B2002EE3200E37F0A /* Main.storyboard */,
				6C1A836E2002EE3200E37F0A /* Assets.xcassets */,
				6C1A83702002EE3200E37F0A /* LaunchScreen.storyboard */,
				6C1A837B2002EF4100E37F0A /* Resources */,
				6C1A83792002EE8700E37F0A /* GoogleService-Info.plist */,
				6C1A83732002EE3200E37F0A /* Info.plist */,
			);
			path = UberClone;
			sourceTree = "<group>";
		};
		6C1A837B2002EF4100E37F0A /* Resources */ = {
			isa = PBXGroup;
			children = (
				6C1A837C2002EFB000E37F0A /* SFPro */,
				6C1A83932002EFD700E37F0A /* Theme.xcassets */,
				6C1A83952002F0CF00E37F0A /* Extensions.swift */,
			);
			path = Resources;
			sourceTree = "<group>";
		};
		6C1A837C2002EFB000E37F0A /* SFPro */ = {
			isa = PBXGroup;
			children = (
				6C1A83872002EFC300E37F0A /* SF-Pro-Display-Black.otf */,
				6C1A837D2002EFC200E37F0A /* SF-Pro-Display-Bold.otf */,
				6C1A83802002EFC200E37F0A /* SF-Pro-Display-Heavy.otf */,
				6C1A83862002EFC300E37F0A /* SF-Pro-Display-Medium.otf */,
				6C1A83812002EFC200E37F0A /* SF-Pro-Display-Regular.otf */,
				6C1A83822002EFC200E37F0A /* SF-Pro-Display-Semibold.otf */,
				6C1A83842002EFC300E37F0A /* SF-Pro-Text-Bold.otf */,
				6C1A83832002EFC300E37F0A /* SF-Pro-Text-Heavy.otf */,
				6C1A83852002EFC300E37F0A /* SF-Pro-Text-Medium.otf */,
				6C1A837F2002EFC200E37F0A /* SF-Pro-Text-Regular.otf */,
				6C1A837E2002EFC200E37F0A /* SF-Pro-Text-Semibold.otf */,
			);
			path = SFPro;
			sourceTree = "<group>";
		};
		6C1A83972002F0E800E37F0A /* Controller */ = {
			isa = PBXGroup;
			children = (
				6C1A839A2002F10000E37F0A /* MenuVC.swift */,
				6C1A839C2002F11A00E37F0A /* LoginVC.swift */,
				6C1A839E2002F13A00E37F0A /* SignupVC.swift */,
				6C1A83A42002F23E00E37F0A /* MainVC.swift */,
				6C47472F201459AD0034B776 /* PickupVC.swift */,
			);
			path = Controller;
			sourceTree = "<group>";
		};
		6C1A83982002F0ED00E37F0A /* View */ = {
			isa = PBXGroup;
			children = (
				6C1A83A02002F17200E37F0A /* GradientView.swift */,
				6C1064E52005A0770073C067 /* CustomImageView.swift */,
				6CE29BD02007252E0058ADFE /* DriverAnnotation.swift */,
				6C021AD32009E72D00722833 /* PassengerAnnotation.swift */,
				6C47473120145F520034B776 /* RoundMapView.swift */,
			);
			path = View;
			sourceTree = "<group>";
		};
		6C1A83992002F0F200E37F0A /* Model */ = {
			isa = PBXGroup;
			children = (
				6C1064E72005A6DA0073C067 /* User.swift */,
			);
			path = Model;
			sourceTree = "<group>";
		};
		6C1A83A82003176400E37F0A /* Service */ = {
			isa = PBXGroup;
			children = (
				6C1A83A92003177800E37F0A /* DataService.swift */,
				6CE29BCE2006EFD90058ADFE /* UpdateService.swift */,
			);
			path = Service;
			sourceTree = "<group>";
		};
		6C1A83AB200317BC00E37F0A /* Utilities */ = {
			isa = PBXGroup;
			children = (
				6C1A83AC200317CC00E37F0A /* Constants.swift */,
				6CF067A42004945700EED833 /* Alert.swift */,
			);
			path = Utilities;
			sourceTree = "<group>";
		};
		6C5976CF20101C8D0071CA91 /* Protocol */ = {
			isa = PBXGroup;
			children = (
				6C5976D020101CA20071CA91 /* Alertable.swift */,
			);
			path = Protocol;
			sourceTree = "<group>";
		};
		BB25AB3053293B84247CFDFA /* Pods */ = {
			isa = PBXGroup;
			children = (
				367D0EDAE0E60EC34828B56D /* Pods-UberClone.debug.xcconfig */,
				E241D99D5E71CE890C9C0176 /* Pods-UberClone.release.xcconfig */,
			);
			name = Pods;
			sourceTree = "<group>";
		};
		F312432EA2657652F2469799 /* Frameworks */ = {
			isa = PBXGroup;
			children = (
				6C1A83A62002F9CA00E37F0A /* MapKit.framework */,
				ED9D21CE2D8787DD40968617 /* Pods_UberClone.framework */,
			);
			name = Frameworks;
			sourceTree = "<group>";
		};
/* End PBXGroup section */

/* Begin PBXNativeTarget section */
		6C1A83632002EE3200E37F0A /* UberClone */ = {
			isa = PBXNativeTarget;
			buildConfigurationList = 6C1A83762002EE3200E37F0A /* Build configuration list for PBXNativeTarget "UberClone" */;
			buildPhases = (
				C79885FD5F17F13AEDB9C8BD /* [CP] Check Pods Manifest.lock */,
				6C1A83602002EE3200E37F0A /* Sources */,
				6C1A83612002EE3200E37F0A /* Frameworks */,
				6C1A83622002EE3200E37F0A /* Resources */,
				CB8CDF45EC59F182E2AFB679 /* [CP] Embed Pods Frameworks */,
				93CB7998D7FF7BE398AC8B16 /* [CP] Copy Pods Resources */,
			);
			buildRules = (
			);
			dependencies = (
			);
			name = UberClone;
			productName = UberClone;
			productReference = 6C1A83642002EE3200E37F0A /* UberClone.app */;
			productType = "com.apple.product-type.application";
		};
/* End PBXNativeTarget section */

/* Begin PBXProject section */
		6C1A835C2002EE3200E37F0A /* Project object */ = {
			isa = PBXProject;
			attributes = {
				LastSwiftUpdateCheck = 0920;
				LastUpgradeCheck = 0920;
				ORGANIZATIONNAME = Appdelight;
				TargetAttributes = {
					6C1A83632002EE3200E37F0A = {
						CreatedOnToolsVersion = 9.2;
						ProvisioningStyle = Automatic;
						SystemCapabilities = {
							com.apple.Maps.iOS = {
								enabled = 1;
							};
						};
					};
				};
			};
			buildConfigurationList = 6C1A835F2002EE3200E37F0A /* Build configuration list for PBXProject "UberClone" */;
			compatibilityVersion = "Xcode 8.0";
			developmentRegion = en;
			hasScannedForEncodings = 0;
			knownRegions = (
				en,
				Base,
			);
			mainGroup = 6C1A835B2002EE3200E37F0A;
			productRefGroup = 6C1A83652002EE3200E37F0A /* Products */;
			projectDirPath = "";
			projectRoot = "";
			targets = (
				6C1A83632002EE3200E37F0A /* UberClone */,
			);
		};
/* End PBXProject section */

/* Begin PBXResourcesBuildPhase section */
		6C1A83622002EE3200E37F0A /* Resources */ = {
			isa = PBXResourcesBuildPhase;
			buildActionMask = 2147483647;
			files = (
				6C1A83902002EFC300E37F0A /* SF-Pro-Text-Medium.otf in Resources */,
				6C1A83892002EFC300E37F0A /* SF-Pro-Text-Semibold.otf in Resources */,
				6C1A83922002EFC300E37F0A /* SF-Pro-Display-Black.otf in Resources */,
				6C1A83722002EE3200E37F0A /* LaunchScreen.storyboard in Resources */,
				6C1A838F2002EFC300E37F0A /* SF-Pro-Text-Bold.otf in Resources */,
				6C1A838D2002EFC300E37F0A /* SF-Pro-Display-Semibold.otf in Resources */,
				6C1A838E2002EFC300E37F0A /* SF-Pro-Text-Heavy.otf in Resources */,
				6C1A83912002EFC300E37F0A /* SF-Pro-Display-Medium.otf in Resources */,
				6C1A83882002EFC300E37F0A /* SF-Pro-Display-Bold.otf in Resources */,
				6C1A838B2002EFC300E37F0A /* SF-Pro-Display-Heavy.otf in Resources */,
				6C1A837A2002EE8700E37F0A /* GoogleService-Info.plist in Resources */,
				6C1A836F2002EE3200E37F0A /* Assets.xcassets in Resources */,
				6C1A836D2002EE3200E37F0A /* Main.storyboard in Resources */,
				6C1A83942002EFD700E37F0A /* Theme.xcassets in Resources */,
				6C1A838C2002EFC300E37F0A /* SF-Pro-Display-Regular.otf in Resources */,
				6C1A838A2002EFC300E37F0A /* SF-Pro-Text-Regular.otf in Resources */,
			);
			runOnlyForDeploymentPostprocessing = 0;
		};
/* End PBXResourcesBuildPhase section */

/* Begin PBXShellScriptBuildPhase section */
		93CB7998D7FF7BE398AC8B16 /* [CP] Copy Pods Resources */ = {
			isa = PBXShellScriptBuildPhase;
			buildActionMask = 2147483647;
			files = (
			);
			inputPaths = (
			);
			name = "[CP] Copy Pods Resources";
			outputPaths = (
			);
			runOnlyForDeploymentPostprocessing = 0;
			shellPath = /bin/sh;
			shellScript = "\"${SRCROOT}/Pods/Target Support Files/Pods-UberClone/Pods-UberClone-resources.sh\"\n";
			showEnvVarsInLog = 0;
		};
		C79885FD5F17F13AEDB9C8BD /* [CP] Check Pods Manifest.lock */ = {
			isa = PBXShellScriptBuildPhase;
			buildActionMask = 2147483647;
			files = (
			);
			inputPaths = (
				"${PODS_PODFILE_DIR_PATH}/Podfile.lock",
				"${PODS_ROOT}/Manifest.lock",
			);
			name = "[CP] Check Pods Manifest.lock";
			outputPaths = (
				"$(DERIVED_FILE_DIR)/Pods-UberClone-checkManifestLockResult.txt",
			);
			runOnlyForDeploymentPostprocessing = 0;
			shellPath = /bin/sh;
			shellScript = "diff \"${PODS_PODFILE_DIR_PATH}/Podfile.lock\" \"${PODS_ROOT}/Manifest.lock\" > /dev/null\nif [ $? != 0 ] ; then\n    # print error to STDERR\n    echo \"error: The sandbox is not in sync with the Podfile.lock. Run 'pod install' or update your CocoaPods installation.\" >&2\n    exit 1\nfi\n# This output is used by Xcode 'outputs' to avoid re-running this script phase.\necho \"SUCCESS\" > \"${SCRIPT_OUTPUT_FILE_0}\"\n";
			showEnvVarsInLog = 0;
		};
		CB8CDF45EC59F182E2AFB679 /* [CP] Embed Pods Frameworks */ = {
			isa = PBXShellScriptBuildPhase;
			buildActionMask = 2147483647;
			files = (
			);
			inputPaths = (
				"${SRCROOT}/Pods/Target Support Files/Pods-UberClone/Pods-UberClone-frameworks.sh",
				"${BUILT_PRODUCTS_DIR}/GTMSessionFetcher/GTMSessionFetcher.framework",
				"${BUILT_PRODUCTS_DIR}/GoogleToolboxForMac/GoogleToolboxForMac.framework",
				"${BUILT_PRODUCTS_DIR}/RevealingSplashView/RevealingSplashView.framework",
				"${BUILT_PRODUCTS_DIR}/leveldb-library/leveldb.framework",
				"${BUILT_PRODUCTS_DIR}/nanopb/nanopb.framework",
			);
			name = "[CP] Embed Pods Frameworks";
			outputPaths = (
				"${TARGET_BUILD_DIR}/${FRAMEWORKS_FOLDER_PATH}/GTMSessionFetcher.framework",
				"${TARGET_BUILD_DIR}/${FRAMEWORKS_FOLDER_PATH}/GoogleToolboxForMac.framework",
				"${TARGET_BUILD_DIR}/${FRAMEWORKS_FOLDER_PATH}/RevealingSplashView.framework",
				"${TARGET_BUILD_DIR}/${FRAMEWORKS_FOLDER_PATH}/leveldb.framework",
				"${TARGET_BUILD_DIR}/${FRAMEWORKS_FOLDER_PATH}/nanopb.framework",
			);
			runOnlyForDeploymentPostprocessing = 0;
			shellPath = /bin/sh;
			shellScript = "\"${SRCROOT}/Pods/Target Support Files/Pods-UberClone/Pods-UberClone-frameworks.sh\"\n";
			showEnvVarsInLog = 0;
		};
/* End PBXShellScriptBuildPhase section */

/* Begin PBXSourcesBuildPhase section */
		6C1A83602002EE3200E37F0A /* Sources */ = {
			isa = PBXSourcesBuildPhase;
			buildActionMask = 2147483647;
			files = (
				6C1064E82005A6DA0073C067 /* User.swift in Sources */,
				6C1A839F2002F13A00E37F0A /* SignupVC.swift in Sources */,
				6C474730201459AD0034B776 /* PickupVC.swift in Sources */,
				6C1064E62005A0770073C067 /* CustomImageView.swift in Sources */,
				6C1A83AD200317CC00E37F0A /* Constants.swift in Sources */,
				6CE29BD12007252E0058ADFE /* DriverAnnotation.swift in Sources */,
				6C1A836A2002EE3200E37F0A /* ViewController.swift in Sources */,
				6C1A839B2002F10000E37F0A /* MenuVC.swift in Sources */,
				6C021AD42009E72D00722833 /* PassengerAnnotation.swift in Sources */,
				6CE29BCF2006EFD90058ADFE /* UpdateService.swift in Sources */,
				6C1A83962002F0CF00E37F0A /* Extensions.swift in Sources */,
				6C1A83A52002F23E00E37F0A /* MainVC.swift in Sources */,
				6C1A83A12002F17200E37F0A /* GradientView.swift in Sources */,
				6C5976D120101CA20071CA91 /* Alertable.swift in Sources */,
				6C1A83682002EE3200E37F0A /* AppDelegate.swift in Sources */,
				6CF067A52004945700EED833 /* Alert.swift in Sources */,
				6C1A839D2002F11A00E37F0A /* LoginVC.swift in Sources */,
				6C1A83AA2003177800E37F0A /* DataService.swift in Sources */,
				6C47473220145F520034B776 /* RoundMapView.swift in Sources */,
			);
			runOnlyForDeploymentPostprocessing = 0;
		};
/* End PBXSourcesBuildPhase section */

/* Begin PBXVariantGroup section */
		6C1A836B2002EE3200E37F0A /* Main.storyboard */ = {
			isa = PBXVariantGroup;
			children = (
				6C1A836C2002EE3200E37F0A /* Base */,
			);
			name = Main.storyboard;
			sourceTree = "<group>";
		};
		6C1A83702002EE3200E37F0A /* LaunchScreen.storyboard */ = {
			isa = PBXVariantGroup;
			children = (
				6C1A83712002EE3200E37F0A /* Base */,
			);
			name = LaunchScreen.storyboard;
			sourceTree = "<group>";
		};
/* End PBXVariantGroup section */

/* Begin XCBuildConfiguration section */
		6C1A83742002EE3200E37F0A /* Debug */ = {
			isa = XCBuildConfiguration;
			buildSettings = {
				ALWAYS_SEARCH_USER_PATHS = NO;
				CLANG_ANALYZER_NONNULL = YES;
				CLANG_ANALYZER_NUMBER_OBJECT_CONVERSION = YES_AGGRESSIVE;
				CLANG_CXX_LANGUAGE_STANDARD = "gnu++14";
				CLANG_CXX_LIBRARY = "libc++";
				CLANG_ENABLE_MODULES = YES;
				CLANG_ENABLE_OBJC_ARC = YES;
				CLANG_WARN_BLOCK_CAPTURE_AUTORELEASING = YES;
				CLANG_WARN_BOOL_CONVERSION = YES;
				CLANG_WARN_COMMA = YES;
				CLANG_WARN_CONSTANT_CONVERSION = YES;
				CLANG_WARN_DIRECT_OBJC_ISA_USAGE = YES_ERROR;
				CLANG_WARN_DOCUMENTATION_COMMENTS = YES;
				CLANG_WARN_EMPTY_BODY = YES;
				CLANG_WARN_ENUM_CONVERSION = YES;
				CLANG_WARN_INFINITE_RECURSION = YES;
				CLANG_WARN_INT_CONVERSION = YES;
				CLANG_WARN_NON_LITERAL_NULL_CONVERSION = YES;
				CLANG_WARN_OBJC_LITERAL_CONVERSION = YES;
				CLANG_WARN_OBJC_ROOT_CLASS = YES_ERROR;
				CLANG_WARN_RANGE_LOOP_ANALYSIS = YES;
				CLANG_WARN_STRICT_PROTOTYPES = YES;
				CLANG_WARN_SUSPICIOUS_MOVE = YES;
				CLANG_WARN_UNGUARDED_AVAILABILITY = YES_AGGRESSIVE;
				CLANG_WARN_UNREACHABLE_CODE = YES;
				CLANG_WARN__DUPLICATE_METHOD_MATCH = YES;
				CODE_SIGN_IDENTITY = "iPhone Developer";
				COPY_PHASE_STRIP = NO;
				DEBUG_INFORMATION_FORMAT = dwarf;
				ENABLE_STRICT_OBJC_MSGSEND = YES;
				ENABLE_TESTABILITY = YES;
				GCC_C_LANGUAGE_STANDARD = gnu11;
				GCC_DYNAMIC_NO_PIC = NO;
				GCC_NO_COMMON_BLOCKS = YES;
				GCC_OPTIMIZATION_LEVEL = 0;
				GCC_PREPROCESSOR_DEFINITIONS = (
					"DEBUG=1",
					"$(inherited)",
				);
				GCC_WARN_64_TO_32_BIT_CONVERSION = YES;
				GCC_WARN_ABOUT_RETURN_TYPE = YES_ERROR;
				GCC_WARN_UNDECLARED_SELECTOR = YES;
				GCC_WARN_UNINITIALIZED_AUTOS = YES_AGGRESSIVE;
				GCC_WARN_UNUSED_FUNCTION = YES;
				GCC_WARN_UNUSED_VARIABLE = YES;
				IPHONEOS_DEPLOYMENT_TARGET = 11.2;
				MTL_ENABLE_DEBUG_INFO = YES;
				ONLY_ACTIVE_ARCH = YES;
				SDKROOT = iphoneos;
				SWIFT_ACTIVE_COMPILATION_CONDITIONS = DEBUG;
				SWIFT_OPTIMIZATION_LEVEL = "-Onone";
			};
			name = Debug;
		};
		6C1A83752002EE3200E37F0A /* Release */ = {
			isa = XCBuildConfiguration;
			buildSettings = {
				ALWAYS_SEARCH_USER_PATHS = NO;
				CLANG_ANALYZER_NONNULL = YES;
				CLANG_ANALYZER_NUMBER_OBJECT_CONVERSION = YES_AGGRESSIVE;
				CLANG_CXX_LANGUAGE_STANDARD = "gnu++14";
				CLANG_CXX_LIBRARY = "libc++";
				CLANG_ENABLE_MODULES = YES;
				CLANG_ENABLE_OBJC_ARC = YES;
				CLANG_WARN_BLOCK_CAPTURE_AUTORELEASING = YES;
				CLANG_WARN_BOOL_CONVERSION = YES;
				CLANG_WARN_COMMA = YES;
				CLANG_WARN_CONSTANT_CONVERSION = YES;
				CLANG_WARN_DIRECT_OBJC_ISA_USAGE = YES_ERROR;
				CLANG_WARN_DOCUMENTATION_COMMENTS = YES;
				CLANG_WARN_EMPTY_BODY = YES;
				CLANG_WARN_ENUM_CONVERSION = YES;
				CLANG_WARN_INFINITE_RECURSION = YES;
				CLANG_WARN_INT_CONVERSION = YES;
				CLANG_WARN_NON_LITERAL_NULL_CONVERSION = YES;
				CLANG_WARN_OBJC_LITERAL_CONVERSION = YES;
				CLANG_WARN_OBJC_ROOT_CLASS = YES_ERROR;
				CLANG_WARN_RANGE_LOOP_ANALYSIS = YES;
				CLANG_WARN_STRICT_PROTOTYPES = YES;
				CLANG_WARN_SUSPICIOUS_MOVE = YES;
				CLANG_WARN_UNGUARDED_AVAILABILITY = YES_AGGRESSIVE;
				CLANG_WARN_UNREACHABLE_CODE = YES;
				CLANG_WARN__DUPLICATE_METHOD_MATCH = YES;
				CODE_SIGN_IDENTITY = "iPhone Developer";
				COPY_PHASE_STRIP = NO;
				DEBUG_INFORMATION_FORMAT = "dwarf-with-dsym";
				ENABLE_NS_ASSERTIONS = NO;
				ENABLE_STRICT_OBJC_MSGSEND = YES;
				GCC_C_LANGUAGE_STANDARD = gnu11;
				GCC_NO_COMMON_BLOCKS = YES;
				GCC_WARN_64_TO_32_BIT_CONVERSION = YES;
				GCC_WARN_ABOUT_RETURN_TYPE = YES_ERROR;
				GCC_WARN_UNDECLARED_SELECTOR = YES;
				GCC_WARN_UNINITIALIZED_AUTOS = YES_AGGRESSIVE;
				GCC_WARN_UNUSED_FUNCTION = YES;
				GCC_WARN_UNUSED_VARIABLE = YES;
				IPHONEOS_DEPLOYMENT_TARGET = 11.2;
				MTL_ENABLE_DEBUG_INFO = NO;
				SDKROOT = iphoneos;
				SWIFT_OPTIMIZATION_LEVEL = "-Owholemodule";
				VALIDATE_PRODUCT = YES;
			};
			name = Release;
		};
		6C1A83772002EE3200E37F0A /* Debug */ = {
			isa = XCBuildConfiguration;
			baseConfigurationReference = 367D0EDAE0E60EC34828B56D /* Pods-UberClone.debug.xcconfig */;
			buildSettings = {
				ASSETCATALOG_COMPILER_APPICON_NAME = AppIcon;
				CODE_SIGN_STYLE = Automatic;
				DEVELOPMENT_TEAM = 58B9M9NL9X;
				INFOPLIST_FILE = UberClone/Info.plist;
				LD_RUNPATH_SEARCH_PATHS = "$(inherited) @executable_path/Frameworks";
				PRODUCT_BUNDLE_IDENTIFIER = com.appdelight.HTCHKRCODE;
				PRODUCT_NAME = "$(TARGET_NAME)";
				SWIFT_VERSION = 4.0;
				TARGETED_DEVICE_FAMILY = "1,2";
			};
			name = Debug;
		};
		6C1A83782002EE3200E37F0A /* Release */ = {
			isa = XCBuildConfiguration;
			baseConfigurationReference = E241D99D5E71CE890C9C0176 /* Pods-UberClone.release.xcconfig */;
			buildSettings = {
				ASSETCATALOG_COMPILER_APPICON_NAME = AppIcon;
				CODE_SIGN_STYLE = Automatic;
				DEVELOPMENT_TEAM = 58B9M9NL9X;
				INFOPLIST_FILE = UberClone/Info.plist;
				LD_RUNPATH_SEARCH_PATHS = "$(inherited) @executable_path/Frameworks";
				PRODUCT_BUNDLE_IDENTIFIER = com.appdelight.HTCHKRCODE;
				PRODUCT_NAME = "$(TARGET_NAME)";
				SWIFT_VERSION = 4.0;
				TARGETED_DEVICE_FAMILY = "1,2";
			};
			name = Release;
		};
/* End XCBuildConfiguration section */

/* Begin XCConfigurationList section */
		6C1A835F2002EE3200E37F0A /* Build configuration list for PBXProject "UberClone" */ = {
			isa = XCConfigurationList;
			buildConfigurations = (
				6C1A83742002EE3200E37F0A /* Debug */,
				6C1A83752002EE3200E37F0A /* Release */,
			);
			defaultConfigurationIsVisible = 0;
			defaultConfigurationName = Release;
		};
		6C1A83762002EE3200E37F0A /* Build configuration list for PBXNativeTarget "UberClone" */ = {
			isa = XCConfigurationList;
			buildConfigurations = (
				6C1A83772002EE3200E37F0A /* Debug */,
				6C1A83782002EE3200E37F0A /* Release */,
			);
			defaultConfigurationIsVisible = 0;
			defaultConfigurationName = Release;
		};
/* End XCConfigurationList section */
	};
	rootObject = 6C1A835C2002EE3200E37F0A /* Project object */;
}
